
Microsoft Visual Studio Solution File, Format Version 12.00
# Visual Studio Version 17
VisualStudioVersion = 17.2.32526.322
MinimumVisualStudioVersion = 10.0.40219.1
Project("{FAE04EC0-301F-11D3-BF4B-00C04F79EFBC}") = "Checkers", "Checkers\Checkers.csproj", "{757B1123-6ACB-49B7-B847-A9711CF91BBE}"
EndProject
Global
	GlobalSection(SolutionConfigurationPlatforms) = preSolution
		Debug|Any CPU = Debug|Any CPU
		Release|Any CPU = Release|Any CPU
	EndGlobalSection
	GlobalSection(ProjectConfigurationPlatforms) = postSolution
		{757B1123-6ACB-49B7-B847-A9711CF91BBE}.Debug|Any CPU.ActiveCfg = Debug|Any CPU
		{757B1123-6ACB-49B7-B847-A9711CF91BBE}.Debug|Any CPU.Build.0 = Debug|Any CPU
		{757B1123-6ACB-49B7-B847-A9711CF91BBE}.Release|Any CPU.ActiveCfg = Release|Any CPU
		{757B1123-6ACB-49B7-B847-A9711CF91BBE}.Release|Any CPU.Build.0 = Release|Any CPU
	EndGlobalSection
	GlobalSection(SolutionProperties) = preSolution
		HideSolutionNode = FALSE
	EndGlobalSection
	GlobalSection(ExtensibilityGlobals) = postSolution
		SolutionGuid = {D7C112E5-4F16-4993-934C-29780847D623}
	EndGlobalSection
EndGlobal
